{
  "comment": "Generated by `uv run --all-packages python examples/jane_examples.py lock`; digest = sha256 of the registry canonical archive (jane_registry.archive).",
  "packages": {
    "examples.testsite-web-rules": {
      "version": "1.0.0",
      "kind": "collector-rules",
      "digest": "sha256:db018cbb61ab3d33b74033494bb293530954279a176a34ab043de7af16e36d7d",
      "path": "examples/packages/examples.testsite-web-rules"
    },
    "examples.testsite-catalog-extractor": {
      "version": "1.0.0",
      "kind": "extractor",
      "digest": "sha256:5d5df84301dad59b47d4fc3a087de46f6cac12e01a7617579421178b125c84e2",
      "path": "examples/packages/examples.testsite-catalog-extractor"
    },
    "examples.testsite-price-extractor": {
      "version": "1.0.0",
      "kind": "extractor",
      "digest": "sha256:d143e1e9b7a4f3f2ea28886cc6fd37c29cb9915fce772d1a84b1ea6ea6bfa2f9",
      "path": "examples/packages/examples.testsite-price-extractor"
    },
    "jane.storage-files": {
      "version": "1.0.0",
      "kind": "storage",
      "digest": "sha256:b87649411631a78b58f4e44e304dab362526e21861705a2e04f8a8a6d6aec12f",
      "path": "services/storage/adapters/files/src/jane_storage_files/package"
    },
    "jane.storage-postgresql": {
      "version": "1.0.0",
      "kind": "storage",
      "digest": "sha256:4765e62faa6e82fa25a863dff2ef133905bf8e9b5e0b8f0f9e6285d2a451ac3b",
      "path": "services/storage/adapters/postgres/src/jane_storage_postgres/package"
    }
  }
}
